
Microsoft Visual Studio Solution File, Format Version 12.00
# Visual Studio Version 17
VisualStudioVersion = 17.10.34928.147
MinimumVisualStudioVersion = 10.0.40219.1
Project("{9A19103F-16F7-4668-BE54-9A1E7A4F7556}") = "SchoolManagementSystem.API", "SchoolManagementSystem.API\SchoolManagementSystem.API.csproj", "{D0F81C81-D85B-49EE-A456-4D1C0CF8C282}"
EndProject
Project("{FAE04EC0-301F-11D3-BF4B-00C04F79EFBC}") = "SchoolManagementSystem.Core", "SchoolManagementSystem.Core\SchoolManagementSystem.Core.csproj", "{4FEDF6BC-7A3C-49AB-8D72-815743EF4139}"
EndProject
Project("{FAE04EC0-301F-11D3-BF4B-00C04F79EFBC}") = "SchoolManagementSystem.Data", "SchoolManagementSystem.Data\SchoolManagementSystem.Data.csproj", "{F412A77F-558B-47C1-81FE-B98A49E53C17}"
EndProject
Project("{FAE04EC0-301F-11D3-BF4B-00C04F79EFBC}") = "SchoolManagementSystem.Service", "SchoolManagementSystem.Service\SchoolManagementSystem.Service.csproj", "{5BC9BF86-46A6-452C-B1F2-23F1B3217A7A}"
EndProject
Project("{FAE04EC0-301F-11D3-BF4B-00C04F79EFBC}") = "SchoolManagementSystem.Infrastructure", "SchoolManagementSystem.Infrastructure\SchoolManagementSystem.Infrastructure.csproj", "{60847F9E-5438-415D-8CBA-B9670CEE79FC}"
EndProject
Global
	GlobalSection(SolutionConfigurationPlatforms) = preSolution
		Debug|Any CPU = Debug|Any CPU
		Release|Any CPU = Release|Any CPU
	EndGlobalSection
	GlobalSection(ProjectConfigurationPlatforms) = postSolution
		{D0F81C81-D85B-49EE-A456-4D1C0CF8C282}.Debug|Any CPU.ActiveCfg = Debug|Any CPU
		{D0F81C81-D85B-49EE-A456-4D1C0CF8C282}.Debug|Any CPU.Build.0 = Debug|Any CPU
		{D0F81C81-D85B-49EE-A456-4D1C0CF8C282}.Release|Any CPU.ActiveCfg = Release|Any CPU
		{D0F81C81-D85B-49EE-A456-4D1C0CF8C282}.Release|Any CPU.Build.0 = Release|Any CPU
		{4FEDF6BC-7A3C-49AB-8D72-815743EF4139}.Debug|Any CPU.ActiveCfg = Debug|Any CPU
		{4FEDF6BC-7A3C-49AB-8D72-815743EF4139}.Debug|Any CPU.Build.0 = Debug|Any CPU
		{4FEDF6BC-7A3C-49AB-8D72-815743EF4139}.Release|Any CPU.ActiveCfg = Release|Any CPU
		{4FEDF6BC-7A3C-49AB-8D72-815743EF4139}.Release|Any CPU.Build.0 = Release|Any CPU
		{F412A77F-558B-47C1-81FE-B98A49E53C17}.Debug|Any CPU.ActiveCfg = Debug|Any CPU
		{F412A77F-558B-47C1-81FE-B98A49E53C17}.Debug|Any CPU.Build.0 = Debug|Any CPU
		{F412A77F-558B-47C1-81FE-B98A49E53C17}.Release|Any CPU.ActiveCfg = Release|Any CPU
		{F412A77F-558B-47C1-81FE-B98A49E53C17}.Release|Any CPU.Build.0 = Release|Any CPU
		{5BC9BF86-46A6-452C-B1F2-23F1B3217A7A}.Debug|Any CPU.ActiveCfg = Debug|Any CPU
		{5BC9BF86-46A6-452C-B1F2-23F1B3217A7A}.Debug|Any CPU.Build.0 = Debug|Any CPU
		{5BC9BF86-46A6-452C-B1F2-23F1B3217A7A}.Release|Any CPU.ActiveCfg = Release|Any CPU
		{5BC9BF86-46A6-452C-B1F2-23F1B3217A7A}.Release|Any CPU.Build.0 = Release|Any CPU
		{60847F9E-5438-415D-8CBA-B9670CEE79FC}.Debug|Any CPU.ActiveCfg = Debug|Any CPU
		{60847F9E-5438-415D-8CBA-B9670CEE79FC}.Debug|Any CPU.Build.0 = Debug|Any CPU
		{60847F9E-5438-415D-8CBA-B9670CEE79FC}.Release|Any CPU.ActiveCfg = Release|Any CPU
		{60847F9E-5438-415D-8CBA-B9670CEE79FC}.Release|Any CPU.Build.0 = Release|Any CPU
	EndGlobalSection
	GlobalSection(SolutionProperties) = preSolution
		HideSolutionNode = FALSE
	EndGlobalSection
	GlobalSection(ExtensibilityGlobals) = postSolution
		SolutionGuid = {FBBA9073-D71F-4110-BA62-97A33164A131}
	EndGlobalSection
EndGlobal
